
Microsoft Visual Studio Solution File, Format Version 12.00
# Visual Studio 15
VisualStudioVersion = 15.0.28010.2050
MinimumVisualStudioVersion = 10.0.40219.1
Project("{9A19103F-16F7-4668-BE54-9A1E7A4F7556}") = "TodoApi", "TodoApi\TodoApi.csproj", "{C5F0E41D-2926-444D-A1B5-510AFFDAD7D0}"
EndProject
Project("{E53339B2-1760-4266-BCC7-CA923CBCF16C}") = "docker-compose", "docker-compose.dcproj", "{282AB6DB-92F2-4081-B9D6-9F99202E8F51}"
EndProject
Global
	GlobalSection(SolutionConfigurationPlatforms) = preSolution
		Debug|Any CPU = Debug|Any CPU
		Release|Any CPU = Release|Any CPU
	EndGlobalSection
	GlobalSection(ProjectConfigurationPlatforms) = postSolution
		{C5F0E41D-2926-444D-A1B5-510AFFDAD7D0}.Debug|Any CPU.ActiveCfg = Debug|Any CPU
		{C5F0E41D-2926-444D-A1B5-510AFFDAD7D0}.Debug|Any CPU.Build.0 = Debug|Any CPU
		{C5F0E41D-2926-444D-A1B5-510AFFDAD7D0}.Release|Any CPU.ActiveCfg = Release|Any CPU
		{C5F0E41D-2926-444D-A1B5-510AFFDAD7D0}.Release|Any CPU.Build.0 = Release|Any CPU
		{282AB6DB-92F2-4081-B9D6-9F99202E8F51}.Debug|Any CPU.ActiveCfg = Debug|Any CPU
		{282AB6DB-92F2-4081-B9D6-9F99202E8F51}.Debug|Any CPU.Build.0 = Debug|Any CPU
		{282AB6DB-92F2-4081-B9D6-9F99202E8F51}.Release|Any CPU.ActiveCfg = Release|Any CPU
		{282AB6DB-92F2-4081-B9D6-9F99202E8F51}.Release|Any CPU.Build.0 = Release|Any CPU
	EndGlobalSection
	GlobalSection(SolutionProperties) = preSolution
		HideSolutionNode = FALSE
	EndGlobalSection
	GlobalSection(ExtensibilityGlobals) = postSolution
		SolutionGuid = {98CC42AA-6A1D-4F33-9B50-35FBEBBAFEB3}
	EndGlobalSection
EndGlobal
